
Microsoft Visual Studio Solution File, Format Version 12.00
# Visual Studio Express 2012 for Windows Desktop
Project("{FAE04EC0-301F-11D3-BF4B-00C04F79EFBC}") = "DephtInition", "DephtInition\DephtInition.csproj", "{4313E6EE-922F-4157-B15E-933C8803F0BC}"
EndProject
Global
	GlobalSection(SolutionConfigurationPlatforms) = preSolution
		Debug|Any CPU = Debug|Any CPU
		Release|Any CPU = Release|Any CPU
	EndGlobalSection
	GlobalSection(ProjectConfigurationPlatforms) = postSolution
		{4313E6EE-922F-4157-B15E-933C8803F0BC}.Debug|Any CPU.ActiveCfg = Debug|Any CPU
		{4313E6EE-922F-4157-B15E-933C8803F0BC}.Debug|Any CPU.Build.0 = Debug|Any CPU
		{4313E6EE-922F-4157-B15E-933C8803F0BC}.Release|Any CPU.ActiveCfg = Release|Any CPU
		{4313E6EE-922F-4157-B15E-933C8803F0BC}.Release|Any CPU.Build.0 = Release|Any CPU
	EndGlobalSection
	GlobalSection(SolutionProperties) = preSolution
		HideSolutionNode = FALSE
	EndGlobalSection
EndGlobal
